// !$*UTF8*$!
{
	archiveVersion = 1;
	classes = {
	};
	objectVersion = 46;
	objects = {

/* Begin PBXBuildFile section */
		C962BFAF1A4AF09800C331FB /* main.cpp in Sources */ = {isa = PBXBuildFile; fileRef = C962BFAE1A4AF09800C331FB /* main.cpp */; };
		C962BFB11A4AF09800C331FB /* LocalLibrary.cpp in Sources */ = {isa = PBXBuildFile; fileRef = C962BFB01A4AF09800C331FB /* LocalLibrary.cpp */; };
		C962BFB41A4AF09800C331FB /* Makefile in Sources */ = {isa = PBXBuildFile; fileRef = C962BFB31A4AF09800C331FB /* Makefile */; };
/* End PBXBuildFile section */

/* Begin PBXFileReference section */
		C962BFAB1A4AF09800C331FB /* Index */ = {isa = PBXFileReference; explicitFileType = "compiled.mach-o.executable"; includeInIndex = 0; path = Index; sourceTree = BUILT_PRODUCTS_DIR; };
		C962BFAE1A4AF09800C331FB /* main.cpp */ = {isa = PBXFileReference; lastKnownFileType = sourcecode.cpp.cpp; path = main.cpp; sourceTree = "<group>"; };
		C962BFB01A4AF09800C331FB /* LocalLibrary.cpp */ = {isa = PBXFileReference; lastKnownFileType = sourcecode.cpp.cpp; path = LocalLibrary.cpp; sourceTree = "<group>"; };
		C962BFB21A4AF09800C331FB /* LocalLibrary.h */ = {isa = PBXFileReference; lastKnownFileType = sourcecode.c.h; path = LocalLibrary.h; sourceTree = "<group>"; };
		C962BFB31A4AF09800C331FB /* Makefile */ = {isa = PBXFileReference; lastKnownFileType = sourcecode.make; path = Makefile; sourceTree = "<group>"; };
		C962BFB61A4AF09800C331FB /* Sketchbook.txt */ = {isa = PBXFileReference; lastKnownFileType = text; name = Sketchbook.txt; path = Sketchbook/Sketchbook.txt; sourceTree = "<group>"; };
		C962BFB81A4AF09800C331FB /* 4D Systems PICadillo 35T.xcconfig */ = {isa = PBXFileReference; lastKnownFileType = text.xcconfig; name = "4D Systems PICadillo 35T.xcconfig"; path = "Configurations/4D Systems PICadillo 35T.xcconfig"; sourceTree = "<group>"; };
		C962BFB91A4AF09800C331FB /* Arduino Due.xcconfig */ = {isa = PBXFileReference; lastKnownFileType = text.xcconfig; name = "Arduino Due.xcconfig"; path = "Configurations/Arduino Due.xcconfig"; sourceTree = "<group>"; };
		C962BFBA1A4AF09800C331FB /* Arduino Duemilanove.xcconfig */ = {isa = PBXFileReference; lastKnownFileType = text.xcconfig; name = "Arduino Duemilanove.xcconfig"; path = "Configurations/Arduino Duemilanove.xcconfig"; sourceTree = "<group>"; };
		C962BFBB1A4AF09800C331FB /* Arduino Leonardo.xcconfig */ = {isa = PBXFileReference; lastKnownFileType = text.xcconfig; name = "Arduino Leonardo.xcconfig"; path = "Configurations/Arduino Leonardo.xcconfig"; sourceTree = "<group>"; };
		C962BFBC1A4AF09800C331FB /* Arduino Mega 2560.xcconfig */ = {isa = PBXFileReference; lastKnownFileType = text.xcconfig; name = "Arduino Mega 2560.xcconfig"; path = "Configurations/Arduino Mega 2560.xcconfig"; sourceTree = "<group>"; };
		C962BFBD1A4AF09800C331FB /* Arduino Micro.xcconfig */ = {isa = PBXFileReference; lastKnownFileType = text.xcconfig; name = "Arduino Micro.xcconfig"; path = "Configurations/Arduino Micro.xcconfig"; sourceTree = "<group>"; };
		C962BFBE1A4AF09800C331FB /* Arduino Pro with ATmega328-3.3V.xcconfig */ = {isa = PBXFileReference; lastKnownFileType = text.xcconfig; name = "Arduino Pro with ATmega328-3.3V.xcconfig"; path = "Configurations/Arduino Pro with ATmega328-3.3V.xcconfig"; sourceTree = "<group>"; };
		C962BFBF1A4AF09800C331FB /* Arduino Pro with ATmega328-5V.xcconfig */ = {isa = PBXFileReference; lastKnownFileType = text.xcconfig; name = "Arduino Pro with ATmega328-5V.xcconfig"; path = "Configurations/Arduino Pro with ATmega328-5V.xcconfig"; sourceTree = "<group>"; };
		C962BFC01A4AF09800C331FB /* Arduino Mini with ATmega168.xcconfig */ = {isa = PBXFileReference; lastKnownFileType = text.xcconfig; name = "Arduino Mini with ATmega168.xcconfig"; path = "Configurations/Arduino Mini with ATmega168.xcconfig"; sourceTree = "<group>"; };
		C962BFC11A4AF09800C331FB /* Arduino Mini with ATmega328.xcconfig */ = {isa = PBXFileReference; lastKnownFileType = text.xcconfig; name = "Arduino Mini with ATmega328.xcconfig"; path = "Configurations/Arduino Mini with ATmega328.xcconfig"; sourceTree = "<group>"; };
		C962BFC21A4AF09800C331FB /* Arduino Nano with ATmega168.xcconfig */ = {isa = PBXFileReference; lastKnownFileType = text.xcconfig; name = "Arduino Nano with ATmega168.xcconfig"; path = "Configurations/Arduino Nano with ATmega168.xcconfig"; sourceTree = "<group>"; };
		C962BFC31A4AF09800C331FB /* Arduino Nano with ATmega328.xcconfig */ = {isa = PBXFileReference; lastKnownFileType = text.xcconfig; name = "Arduino Nano with ATmega328.xcconfig"; path = "Configurations/Arduino Nano with ATmega328.xcconfig"; sourceTree = "<group>"; };
		C962BFC41A4AF09800C331FB /* Arduino Robot Control.xcconfig */ = {isa = PBXFileReference; lastKnownFileType = text.xcconfig; name = "Arduino Robot Control.xcconfig"; path = "Configurations/Arduino Robot Control.xcconfig"; sourceTree = "<group>"; };
		C962BFC51A4AF09800C331FB /* Arduino Robot Motor.xcconfig */ = {isa = PBXFileReference; lastKnownFileType = text.xcconfig; name = "Arduino Robot Motor.xcconfig"; path = "Configurations/Arduino Robot Motor.xcconfig"; sourceTree = "<group>"; };
		C962BFC61A4AF09800C331FB /* Arduino Uno.xcconfig */ = {isa = PBXFileReference; lastKnownFileType = text.xcconfig; name = "Arduino Uno.xcconfig"; path = "Configurations/Arduino Uno.xcconfig"; sourceTree = "<group>"; };
		C962BFC71A4AF09800C331FB /* Arduino Yun.xcconfig */ = {isa = PBXFileReference; lastKnownFileType = text.xcconfig; name = "Arduino Yun.xcconfig"; path = "Configurations/Arduino Yun.xcconfig"; sourceTree = "<group>"; };
		C962BFC81A4AF09800C331FB /* chipKIT Uno32.xcconfig */ = {isa = PBXFileReference; lastKnownFileType = text.xcconfig; name = "chipKIT Uno32.xcconfig"; path = "Configurations/chipKIT Uno32.xcconfig"; sourceTree = "<group>"; };
		C962BFC91A4AF09800C331FB /* chipKIT Max32.xcconfig */ = {isa = PBXFileReference; lastKnownFileType = text.xcconfig; name = "chipKIT Max32.xcconfig"; path = "Configurations/chipKIT Max32.xcconfig"; sourceTree = "<group>"; };
		C962BFCA1A4AF09800C331FB /* chipKIT uC32.xcconfig */ = {isa = PBXFileReference; lastKnownFileType = text.xcconfig; name = "chipKIT uC32.xcconfig"; path = "Configurations/chipKIT uC32.xcconfig"; sourceTree = "<group>"; };
		C962BFCB1A4AF09800C331FB /* DFRobot BLuno.xcconfig */ = {isa = PBXFileReference; lastKnownFileType = text.xcconfig; name = "DFRobot BLuno.xcconfig"; path = "Configurations/DFRobot BLuno.xcconfig"; sourceTree = "<group>"; };
		C962BFCC1A4AF09800C331FB /* Digispark Tiny Core.xcconfig */ = {isa = PBXFileReference; lastKnownFileType = text.xcconfig; name = "Digispark Tiny Core.xcconfig"; path = "Configurations/Digispark Tiny Core.xcconfig"; sourceTree = "<group>"; };
		C962BFCD1A4AF09800C331FB /* Experimeter Board with MSP430FR5739.xcconfig */ = {isa = PBXFileReference; lastKnownFileType = text.xcconfig; name = "Experimeter Board with MSP430FR5739.xcconfig"; path = "Configurations/Experimeter Board with MSP430FR5739.xcconfig"; sourceTree = "<group>"; };
		C962BFCE1A4AF09800C331FB /* Intel Galileo.xcconfig */ = {isa = PBXFileReference; lastKnownFileType = text.xcconfig; name = "Intel Galileo.xcconfig"; path = "Configurations/Intel Galileo.xcconfig"; sourceTree = "<group>"; };
		C962BFCF1A4AF09800C331FB /* Intel Galileo Gen2.xcconfig */ = {isa = PBXFileReference; lastKnownFileType = text.xcconfig; name = "Intel Galileo Gen2.xcconfig"; path = "Configurations/Intel Galileo Gen2.xcconfig"; sourceTree = "<group>"; };
		C962BFD01A4AF09800C331FB /* LaunchPad WiFi with CC3200.xcconfig */ = {isa = PBXFileReference; lastKnownFileType = text.xcconfig; name = "LaunchPad WiFi with CC3200.xcconfig"; path = "Configurations/LaunchPad WiFi with CC3200.xcconfig"; sourceTree = "<group>"; };
		C962BFD11A4AF09800C331FB /* LaunchPad Stellaris with LM4F120.xcconfig */ = {isa = PBXFileReference; lastKnownFileType = text.xcconfig; name = "LaunchPad Stellaris with LM4F120.xcconfig"; path = "Configurations/LaunchPad Stellaris with LM4F120.xcconfig"; sourceTree = "<group>"; };
		C962BFD21A4AF09800C331FB /* LaunchPad Tiva C with TM4C123.xcconfig */ = {isa = PBXFileReference; lastKnownFileType = text.xcconfig; name = "LaunchPad Tiva C with TM4C123.xcconfig"; path = "Configurations/LaunchPad Tiva C with TM4C123.xcconfig"; sourceTree = "<group>"; };
		C962BFD31A4AF09800C331FB /* LaunchPad Tiva C with TM4C129.xcconfig */ = {isa = PBXFileReference; lastKnownFileType = text.xcconfig; name = "LaunchPad Tiva C with TM4C129.xcconfig"; path = "Configurations/LaunchPad Tiva C with TM4C129.xcconfig"; sourceTree = "<group>"; };
		C962BFD41A4AF09800C331FB /* LaunchPad with MSP430G2553.xcconfig */ = {isa = PBXFileReference; lastKnownFileType = text.xcconfig; name = "LaunchPad with MSP430G2553.xcconfig"; path = "Configurations/LaunchPad with MSP430G2553.xcconfig"; sourceTree = "<group>"; };
		C962BFD51A4AF09800C331FB /* LaunchPad with MSP430G2231.xcconfig */ = {isa = PBXFileReference; lastKnownFileType = text.xcconfig; name = "LaunchPad with MSP430G2231.xcconfig"; path = "Configurations/LaunchPad with MSP430G2231.xcconfig"; sourceTree = "<group>"; };
		C962BFD61A4AF09800C331FB /* LaunchPad with MSP430G2452.xcconfig */ = {isa = PBXFileReference; lastKnownFileType = text.xcconfig; name = "LaunchPad with MSP430G2452.xcconfig"; path = "Configurations/LaunchPad with MSP430G2452.xcconfig"; sourceTree = "<group>"; };
		C962BFD71A4AF09800C331FB /* LaunchPad with MSP430F5529.xcconfig */ = {isa = PBXFileReference; lastKnownFileType = text.xcconfig; name = "LaunchPad with MSP430F5529.xcconfig"; path = "Configurations/LaunchPad with MSP430F5529.xcconfig"; sourceTree = "<group>"; };
		C962BFD81A4AF09800C331FB /* LaunchPad with MSP430FR5969.xcconfig */ = {isa = PBXFileReference; lastKnownFileType = text.xcconfig; name = "LaunchPad with MSP430FR5969.xcconfig"; path = "Configurations/LaunchPad with MSP430FR5969.xcconfig"; sourceTree = "<group>"; };
		C962BFD91A4AF09800C331FB /* Maple Flash revision 3+.xcconfig */ = {isa = PBXFileReference; lastKnownFileType = text.xcconfig; name = "Maple Flash revision 3+.xcconfig"; path = "Configurations/Maple Flash revision 3+.xcconfig"; sourceTree = "<group>"; };
		C962BFDA1A4AF09800C331FB /* Microduino Core with ATmega328-5V.xcconfig */ = {isa = PBXFileReference; lastKnownFileType = text.xcconfig; name = "Microduino Core with ATmega328-5V.xcconfig"; path = "Configurations/Microduino Core with ATmega328-5V.xcconfig"; sourceTree = "<group>"; };
		C962BFDB1A4AF09800C331FB /* Microduino Core32u4 with ATmega328U4-5V.xcconfig */ = {isa = PBXFileReference; lastKnownFileType = text.xcconfig; name = "Microduino Core32u4 with ATmega328U4-5V.xcconfig"; path = "Configurations/Microduino Core32u4 with ATmega328U4-5V.xcconfig"; sourceTree = "<group>"; };
		C962BFDC1A4AF09800C331FB /* Microduino Core+ with ATmega644-5V.xcconfig */ = {isa = PBXFileReference; lastKnownFileType = text.xcconfig; name = "Microduino Core+ with ATmega644-5V.xcconfig"; path = "Configurations/Microduino Core+ with ATmega644-5V.xcconfig"; sourceTree = "<group>"; };
		C962BFDD1A4AF09800C331FB /* Sparkfun Uno.xcconfig */ = {isa = PBXFileReference; lastKnownFileType = text.xcconfig; name = "Sparkfun Uno.xcconfig"; path = "Configurations/Sparkfun Uno.xcconfig"; sourceTree = "<group>"; };
		C962BFDE1A4AF09800C331FB /* Teensy 2.0.xcconfig */ = {isa = PBXFileReference; lastKnownFileType = text.xcconfig; name = "Teensy 2.0.xcconfig"; path = "Configurations/Teensy 2.0.xcconfig"; sourceTree = "<group>"; };
		C962BFDF1A4AF09800C331FB /* Teensy 3.0.xcconfig */ = {isa = PBXFileReference; lastKnownFileType = text.xcconfig; name = "Teensy 3.0.xcconfig"; path = "Configurations/Teensy 3.0.xcconfig"; sourceTree = "<group>"; };
		C962BFE01A4AF09800C331FB /* Teensy 3.1.xcconfig */ = {isa = PBXFileReference; lastKnownFileType = text.xcconfig; name = "Teensy 3.1.xcconfig"; path = "Configurations/Teensy 3.1.xcconfig"; sourceTree = "<group>"; };
		C962BFE11A4AF09800C331FB /* Wiring S.xcconfig */ = {isa = PBXFileReference; lastKnownFileType = text.xcconfig; name = "Wiring S.xcconfig"; path = "Configurations/Wiring S.xcconfig"; sourceTree = "<group>"; };
		C962BFE31A4AF09800C331FB /* Arduino.mk */ = {isa = PBXFileReference; lastKnownFileType = text; name = Arduino.mk; path = Makefiles/Arduino.mk; sourceTree = "<group>"; };
		C962BFE41A4AF09800C331FB /* Arduino1.mk */ = {isa = PBXFileReference; lastKnownFileType = text; name = Arduino1.mk; path = Makefiles/Arduino1.mk; sourceTree = "<group>"; };
		C962BFE51A4AF09800C331FB /* Arduino15avr.mk */ = {isa = PBXFileReference; lastKnownFileType = text; name = Arduino15avr.mk; path = Makefiles/Arduino15avr.mk; sourceTree = "<group>"; };
		C962BFE61A4AF09800C331FB /* Arduino15sam.mk */ = {isa = PBXFileReference; lastKnownFileType = text; name = Arduino15sam.mk; path = Makefiles/Arduino15sam.mk; sourceTree = "<group>"; };
		C962BFE71A4AF09800C331FB /* Arduino23.mk */ = {isa = PBXFileReference; lastKnownFileType = text; name = Arduino23.mk; path = Makefiles/Arduino23.mk; sourceTree = "<group>"; };
		C962BFE81A4AF09800C331FB /* Digispark.mk */ = {isa = PBXFileReference; lastKnownFileType = text; name = Digispark.mk; path = Makefiles/Digispark.mk; sourceTree = "<group>"; };
		C962BFE91A4AF09800C331FB /* EnergiaMSP430.mk */ = {isa = PBXFileReference; lastKnownFileType = text; name = EnergiaMSP430.mk; path = Makefiles/EnergiaMSP430.mk; sourceTree = "<group>"; };
		C962BFEA1A4AF09800C331FB /* EnergiaLM4F.mk */ = {isa = PBXFileReference; lastKnownFileType = text; name = EnergiaLM4F.mk; path = Makefiles/EnergiaLM4F.mk; sourceTree = "<group>"; };
		C962BFEB1A4AF09800C331FB /* EnergiaCC3200.mk */ = {isa = PBXFileReference; lastKnownFileType = text; name = EnergiaCC3200.mk; path = Makefiles/EnergiaCC3200.mk; sourceTree = "<group>"; };
		C962BFEC1A4AF09800C331FB /* Galileo.mk */ = {isa = PBXFileReference; lastKnownFileType = text; name = Galileo.mk; path = Makefiles/Galileo.mk; sourceTree = "<group>"; };
		C962BFED1A4AF09800C331FB /* MapleIDE.mk */ = {isa = PBXFileReference; lastKnownFileType = text; name = MapleIDE.mk; path = Makefiles/MapleIDE.mk; sourceTree = "<group>"; };
		C962BFEE1A4AF09800C331FB /* Microduino.mk */ = {isa = PBXFileReference; lastKnownFileType = text; name = Microduino.mk; path = Makefiles/Microduino.mk; sourceTree = "<group>"; };
		C962BFEF1A4AF09800C331FB /* Mpide.mk */ = {isa = PBXFileReference; lastKnownFileType = text; name = Mpide.mk; path = Makefiles/Mpide.mk; sourceTree = "<group>"; };
		C962BFF01A4AF09800C331FB /* Wiring.mk */ = {isa = PBXFileReference; lastKnownFileType = text; name = Wiring.mk; path = Makefiles/Wiring.mk; sourceTree = "<group>"; };
		C962BFF11A4AF09800C331FB /* Step1.mk */ = {isa = PBXFileReference; lastKnownFileType = text; name = Step1.mk; path = Makefiles/Step1.mk; sourceTree = "<group>"; };
		C962BFF21A4AF09800C331FB /* Step2.mk */ = {isa = PBXFileReference; lastKnownFileType = text; name = Step2.mk; path = Makefiles/Step2.mk; sourceTree = "<group>"; };
		C962BFF31A4AF09800C331FB /* Teensy.mk */ = {isa = PBXFileReference; lastKnownFileType = text; name = Teensy.mk; path = Makefiles/Teensy.mk; sourceTree = "<group>"; };
		C962BFF41A4AF09800C331FB /* Teensy2.mk */ = {isa = PBXFileReference; lastKnownFileType = text; name = Teensy2.mk; path = Makefiles/Teensy2.mk; sourceTree = "<group>"; };
		C962BFF51A4AF09800C331FB /* Teensy3.mk */ = {isa = PBXFileReference; lastKnownFileType = text; name = Teensy3.mk; path = Makefiles/Teensy3.mk; sourceTree = "<group>"; };
		C962BFF61A4AF09800C331FB /* Avrdude.mk */ = {isa = PBXFileReference; lastKnownFileType = text; name = Avrdude.mk; path = Makefiles/Avrdude.mk; sourceTree = "<group>"; };
		C962BFF71A4AF09800C331FB /* ReadMe.txt */ = {isa = PBXFileReference; lastKnownFileType = text; path = ReadMe.txt; sourceTree = "<group>"; };
		C962BFF91A4AF09800C331FB /* About.txt */ = {isa = PBXFileReference; lastKnownFileType = text; name = About.txt; path = About/About.txt; sourceTree = "<group>"; };
		C962BFFB1A4AF09800C331FB /* reset.py */ = {isa = PBXFileReference; lastKnownFileType = text.script.python; name = reset.py; path = Utilities/reset.py; sourceTree = "<group>"; };
		C962BFFC1A4AF09800C331FB /* serial1200.py */ = {isa = PBXFileReference; lastKnownFileType = text.script.python; name = serial1200.py; path = Utilities/serial1200.py; sourceTree = "<group>"; };
		C962BFFD1A4AF09800C331FB /* embedXcode_prepare */ = {isa = PBXFileReference; lastKnownFileType = "compiled.mach-o.executable"; name = embedXcode_prepare; path = Utilities/embedXcode_prepare; sourceTree = "<group>"; };
		C962BFFE1A4AF09800C331FB /* embedXcode_check */ = {isa = PBXFileReference; lastKnownFileType = "compiled.mach-o.executable"; name = embedXcode_check; path = Utilities/embedXcode_check; sourceTree = "<group>"; };
		C962BFFF1A4AF09800C331FB /* embedXcode_chrono */ = {isa = PBXFileReference; lastKnownFileType = "compiled.mach-o.executable"; name = embedXcode_chrono; path = Utilities/embedXcode_chrono; sourceTree = "<group>"; };
		C962C0001A4AF09800C331FB /* TemplateIcon.icns */ = {isa = PBXFileReference; lastKnownFileType = image.icns; name = TemplateIcon.icns; path = Utilities/TemplateIcon.icns; sourceTree = "<group>"; };
		C962C0011A4AF09800C331FB /* clupload_osx.sh */ = {isa = PBXFileReference; lastKnownFileType = text.script.sh; name = clupload_osx.sh; path = Utilities/clupload_osx.sh; sourceTree = "<group>"; };
		C962C0021A4AF09800C331FB /* plant_client_light.ino */ = {isa = PBXFileReference; lastKnownFileType = text; path = plant_client_light.ino; sourceTree = "<group>"; };
/* End PBXFileReference section */

/* Begin PBXGroup section */
		C962BFA01A4AF09800C331FB = {
			isa = PBXGroup;
			children = (
				C962BFAD1A4AF09800C331FB /* plant_client_light */,
				C962BFAC1A4AF09800C331FB /* Products */,
			);
			sourceTree = "<group>";
		};
		C962BFAC1A4AF09800C331FB /* Products */ = {
			isa = PBXGroup;
			children = (
				C962BFAB1A4AF09800C331FB /* Index */,
			);
			name = Products;
			sourceTree = "<group>";
		};
		C962BFAD1A4AF09800C331FB /* plant_client_light */ = {
			isa = PBXGroup;
			children = (
				C962BFAE1A4AF09800C331FB /* main.cpp */,
				C962BFB01A4AF09800C331FB /* LocalLibrary.cpp */,
				C962BFB21A4AF09800C331FB /* LocalLibrary.h */,
				C962BFB31A4AF09800C331FB /* Makefile */,
				C962BFF71A4AF09800C331FB /* ReadMe.txt */,
				C962C0021A4AF09800C331FB /* plant_client_light.ino */,
				C962BFB51A4AF09800C331FB /* Sketchbook */,
				C962BFB71A4AF09800C331FB /* Configurations */,
				C962BFE21A4AF09800C331FB /* Makefiles */,
				C962BFF81A4AF09800C331FB /* About */,
				C962BFFA1A4AF09800C331FB /* Utilities */,
			);
			path = plant_client_light;
			sourceTree = "<group>";
		};
		C962BFB51A4AF09800C331FB /* Sketchbook */ = {
			isa = PBXGroup;
			children = (
				C962BFB61A4AF09800C331FB /* Sketchbook.txt */,
			);
			name = Sketchbook;
			sourceTree = "<group>";
		};
		C962BFB71A4AF09800C331FB /* Configurations */ = {
			isa = PBXGroup;
			children = (
				C962BFB81A4AF09800C331FB /* 4D Systems PICadillo 35T.xcconfig */,
				C962BFB91A4AF09800C331FB /* Arduino Due.xcconfig */,
				C962BFBA1A4AF09800C331FB /* Arduino Duemilanove.xcconfig */,
				C962BFBB1A4AF09800C331FB /* Arduino Leonardo.xcconfig */,
				C962BFBC1A4AF09800C331FB /* Arduino Mega 2560.xcconfig */,
				C962BFBD1A4AF09800C331FB /* Arduino Micro.xcconfig */,
				C962BFBE1A4AF09800C331FB /* Arduino Pro with ATmega328-3.3V.xcconfig */,
				C962BFBF1A4AF09800C331FB /* Arduino Pro with ATmega328-5V.xcconfig */,
				C962BFC01A4AF09800C331FB /* Arduino Mini with ATmega168.xcconfig */,
				C962BFC11A4AF09800C331FB /* Arduino Mini with ATmega328.xcconfig */,
				C962BFC21A4AF09800C331FB /* Arduino Nano with ATmega168.xcconfig */,
				C962BFC31A4AF09800C331FB /* Arduino Nano with ATmega328.xcconfig */,
				C962BFC41A4AF09800C331FB /* Arduino Robot Control.xcconfig */,
				C962BFC51A4AF09800C331FB /* Arduino Robot Motor.xcconfig */,
				C962BFC61A4AF09800C331FB /* Arduino Uno.xcconfig */,
				C962BFC71A4AF09800C331FB /* Arduino Yun.xcconfig */,
				C962BFC81A4AF09800C331FB /* chipKIT Uno32.xcconfig */,
				C962BFC91A4AF09800C331FB /* chipKIT Max32.xcconfig */,
				C962BFCA1A4AF09800C331FB /* chipKIT uC32.xcconfig */,
				C962BFCB1A4AF09800C331FB /* DFRobot BLuno.xcconfig */,
				C962BFCC1A4AF09800C331FB /* Digispark Tiny Core.xcconfig */,
				C962BFCD1A4AF09800C331FB /* Experimeter Board with MSP430FR5739.xcconfig */,
				C962BFCE1A4AF09800C331FB /* Intel Galileo.xcconfig */,
				C962BFCF1A4AF09800C331FB /* Intel Galileo Gen2.xcconfig */,
				C962BFD01A4AF09800C331FB /* LaunchPad WiFi with CC3200.xcconfig */,
				C962BFD11A4AF09800C331FB /* LaunchPad Stellaris with LM4F120.xcconfig */,
				C962BFD21A4AF09800C331FB /* LaunchPad Tiva C with TM4C123.xcconfig */,
				C962BFD31A4AF09800C331FB /* LaunchPad Tiva C with TM4C129.xcconfig */,
				C962BFD41A4AF09800C331FB /* LaunchPad with MSP430G2553.xcconfig */,
				C962BFD51A4AF09800C331FB /* LaunchPad with MSP430G2231.xcconfig */,
				C962BFD61A4AF09800C331FB /* LaunchPad with MSP430G2452.xcconfig */,
				C962BFD71A4AF09800C331FB /* LaunchPad with MSP430F5529.xcconfig */,
				C962BFD81A4AF09800C331FB /* LaunchPad with MSP430FR5969.xcconfig */,
				C962BFD91A4AF09800C331FB /* Maple Flash revision 3+.xcconfig */,
				C962BFDA1A4AF09800C331FB /* Microduino Core with ATmega328-5V.xcconfig */,
				C962BFDB1A4AF09800C331FB /* Microduino Core32u4 with ATmega328U4-5V.xcconfig */,
				C962BFDC1A4AF09800C331FB /* Microduino Core+ with ATmega644-5V.xcconfig */,
				C962BFDD1A4AF09800C331FB /* Sparkfun Uno.xcconfig */,
				C962BFDE1A4AF09800C331FB /* Teensy 2.0.xcconfig */,
				C962BFDF1A4AF09800C331FB /* Teensy 3.0.xcconfig */,
				C962BFE01A4AF09800C331FB /* Teensy 3.1.xcconfig */,
				C962BFE11A4AF09800C331FB /* Wiring S.xcconfig */,
			);
			name = Configurations;
			sourceTree = "<group>";
		};
		C962BFE21A4AF09800C331FB /* Makefiles */ = {
			isa = PBXGroup;
			children = (
				C962BFE31A4AF09800C331FB /* Arduino.mk */,
				C962BFE41A4AF09800C331FB /* Arduino1.mk */,
				C962BFE51A4AF09800C331FB /* Arduino15avr.mk */,
				C962BFE61A4AF09800C331FB /* Arduino15sam.mk */,
				C962BFE71A4AF09800C331FB /* Arduino23.mk */,
				C962BFE81A4AF09800C331FB /* Digispark.mk */,
				C962BFE91A4AF09800C331FB /* EnergiaMSP430.mk */,
				C962BFEA1A4AF09800C331FB /* EnergiaLM4F.mk */,
				C962BFEB1A4AF09800C331FB /* EnergiaCC3200.mk */,
				C962BFEC1A4AF09800C331FB /* Galileo.mk */,
				C962BFED1A4AF09800C331FB /* MapleIDE.mk */,
				C962BFEE1A4AF09800C331FB /* Microduino.mk */,
				C962BFEF1A4AF09800C331FB /* Mpide.mk */,
				C962BFF01A4AF09800C331FB /* Wiring.mk */,
				C962BFF11A4AF09800C331FB /* Step1.mk */,
				C962BFF21A4AF09800C331FB /* Step2.mk */,
				C962BFF31A4AF09800C331FB /* Teensy.mk */,
				C962BFF41A4AF09800C331FB /* Teensy2.mk */,
				C962BFF51A4AF09800C331FB /* Teensy3.mk */,
				C962BFF61A4AF09800C331FB /* Avrdude.mk */,
			);
			name = Makefiles;
			sourceTree = "<group>";
		};
		C962BFF81A4AF09800C331FB /* About */ = {
			isa = PBXGroup;
			children = (
				C962BFF91A4AF09800C331FB /* About.txt */,
			);
			name = About;
			sourceTree = "<group>";
		};
		C962BFFA1A4AF09800C331FB /* Utilities */ = {
			isa = PBXGroup;
			children = (
				C962BFFB1A4AF09800C331FB /* reset.py */,
				C962BFFC1A4AF09800C331FB /* serial1200.py */,
				C962BFFD1A4AF09800C331FB /* embedXcode_prepare */,
				C962BFFE1A4AF09800C331FB /* embedXcode_check */,
				C962BFFF1A4AF09800C331FB /* embedXcode_chrono */,
				C962C0001A4AF09800C331FB /* TemplateIcon.icns */,
				C962C0011A4AF09800C331FB /* clupload_osx.sh */,
			);
			name = Utilities;
			sourceTree = "<group>";
		};
/* End PBXGroup section */

/* Begin PBXLegacyTarget section */
		C962BFA51A4AF09800C331FB /* All */ = {
			isa = PBXLegacyTarget;
			buildArgumentsString = "all -C \"$(PROJECT)\"";
			buildConfigurationList = C962C0051A4AF09800C331FB /* Build configuration list for PBXLegacyTarget "All" */;
			buildPhases = (
			);
			buildToolPath = make;
			dependencies = (
			);
			name = All;
			passBuildSettingsInEnvironment = 1;
			productName = All;
		};
		C962BFA61A4AF09800C331FB /* Build */ = {
			isa = PBXLegacyTarget;
			buildArgumentsString = "build -C \"$(PROJECT)\"";
			buildConfigurationList = C962C0081A4AF09800C331FB /* Build configuration list for PBXLegacyTarget "Build" */;
			buildPhases = (
			);
			buildToolPath = make;
			dependencies = (
			);
			name = Build;
			passBuildSettingsInEnvironment = 1;
			productName = Build;
		};
		C962BFA71A4AF09800C331FB /* Serial */ = {
			isa = PBXLegacyTarget;
			buildArgumentsString = "serial -C \"$(PROJECT)\"";
			buildConfigurationList = C962C00B1A4AF09800C331FB /* Build configuration list for PBXLegacyTarget "Serial" */;
			buildPhases = (
			);
			buildToolPath = make;
			dependencies = (
			);
			name = Serial;
			passBuildSettingsInEnvironment = 1;
			productName = Serial;
		};
		C962BFA81A4AF09800C331FB /* Upload */ = {
			isa = PBXLegacyTarget;
			buildArgumentsString = "upload -C \"$(PROJECT)\"";
			buildConfigurationList = C962C00E1A4AF09800C331FB /* Build configuration list for PBXLegacyTarget "Upload" */;
			buildPhases = (
			);
			buildToolPath = make;
			dependencies = (
			);
			name = Upload;
			passBuildSettingsInEnvironment = 1;
			productName = Upload;
		};
/* End PBXLegacyTarget section */

/* Begin PBXNativeTarget section */
		C962BFAA1A4AF09800C331FB /* Index */ = {
			isa = PBXNativeTarget;
			buildConfigurationList = C962C0111A4AF09800C331FB /* Build configuration list for PBXNativeTarget "Index" */;
			buildPhases = (
				C962BFA91A4AF09800C331FB /* Sources */,
			);
			buildRules = (
			);
			dependencies = (
			);
			name = Index;
			productName = Index;
			productReference = C962BFAB1A4AF09800C331FB /* Index */;
			productType = "com.apple.product-type.tool";
		};
/* End PBXNativeTarget section */

/* Begin PBXProject section */
		C962BFA11A4AF09800C331FB /* Project object */ = {
			isa = PBXProject;
			attributes = {
				LastUpgradeCheck = 0610;
				ORGANIZATIONNAME = "Matthieu Holtz";
				TargetAttributes = {
					C962BFA51A4AF09800C331FB = {
						CreatedOnToolsVersion = 6.1.1;
					};
					C962BFA61A4AF09800C331FB = {
						CreatedOnToolsVersion = 6.1.1;
					};
					C962BFA71A4AF09800C331FB = {
						CreatedOnToolsVersion = 6.1.1;
					};
					C962BFA81A4AF09800C331FB = {
						CreatedOnToolsVersion = 6.1.1;
					};
					C962BFAA1A4AF09800C331FB = {
						CreatedOnToolsVersion = 6.1.1;
					};
				};
			};
			buildConfigurationList = C962BFA41A4AF09800C331FB /* Build configuration list for PBXProject "plant_client_light" */;
			compatibilityVersion = "Xcode 3.2";
			developmentRegion = English;
			hasScannedForEncodings = 0;
			knownRegions = (
				en,
			);
			mainGroup = C962BFA01A4AF09800C331FB;
			productRefGroup = C962BFAC1A4AF09800C331FB /* Products */;
			projectDirPath = "";
			projectRoot = "";
			targets = (
				C962BFA51A4AF09800C331FB /* All */,
				C962BFA61A4AF09800C331FB /* Build */,
				C962BFA71A4AF09800C331FB /* Serial */,
				C962BFA81A4AF09800C331FB /* Upload */,
				C962BFAA1A4AF09800C331FB /* Index */,
			);
		};
/* End PBXProject section */

/* Begin PBXSourcesBuildPhase section */
		C962BFA91A4AF09800C331FB /* Sources */ = {
			isa = PBXSourcesBuildPhase;
			buildActionMask = 2147483647;
			files = (
				C962BFB41A4AF09800C331FB /* Makefile in Sources */,
				C962BFAF1A4AF09800C331FB /* main.cpp in Sources */,
				C962BFB11A4AF09800C331FB /* LocalLibrary.cpp in Sources */,
			);
			runOnlyForDeploymentPostprocessing = 0;
		};
/* End PBXSourcesBuildPhase section */

/* Begin XCBuildConfiguration section */
		C962C0031A4AF09800C331FB /* Debug */ = {
			isa = XCBuildConfiguration;
			baseConfigurationReference = C962BFBE1A4AF09800C331FB /* Arduino Pro with ATmega328-3.3V.xcconfig */;
			buildSettings = {
				ALWAYS_SEARCH_USER_PATHS = NO;
				CLANG_CXX_LANGUAGE_STANDARD = "gnu++0x";
				CLANG_CXX_LIBRARY = "libc++";
				CLANG_ENABLE_MODULES = YES;
				CLANG_ENABLE_OBJC_ARC = YES;
				CLANG_WARN_BOOL_CONVERSION = YES;
				CLANG_WARN_CONSTANT_CONVERSION = YES;
				CLANG_WARN_DIRECT_OBJC_ISA_USAGE = YES_ERROR;
				CLANG_WARN_EMPTY_BODY = YES;
				CLANG_WARN_ENUM_CONVERSION = YES;
				CLANG_WARN_INT_CONVERSION = YES;
				CLANG_WARN_OBJC_ROOT_CLASS = YES_ERROR;
				CLANG_WARN_UNREACHABLE_CODE = YES;
				CLANG_WARN__DUPLICATE_METHOD_MATCH = YES;
				COPY_PHASE_STRIP = NO;
				ENABLE_STRICT_OBJC_MSGSEND = YES;
				GCC_C_LANGUAGE_STANDARD = gnu99;
				GCC_DYNAMIC_NO_PIC = NO;
				GCC_OPTIMIZATION_LEVEL = 0;
				GCC_PREPROCESSOR_DEFINITIONS = (
					"DEBUG=1",
					"$(inherited)",
				);
				GCC_SYMBOLS_PRIVATE_EXTERN = NO;
				GCC_WARN_64_TO_32_BIT_CONVERSION = YES;
				GCC_WARN_ABOUT_RETURN_TYPE = YES_ERROR;
				GCC_WARN_UNDECLARED_SELECTOR = YES;
				GCC_WARN_UNINITIALIZED_AUTOS = YES_AGGRESSIVE;
				GCC_WARN_UNUSED_FUNCTION = YES;
				GCC_WARN_UNUSED_VARIABLE = YES;
				HEADER_SEARCH_PATHS = "$(inherited)";
				MTL_ENABLE_DEBUG_INFO = YES;
				ONLY_ACTIVE_ARCH = YES;
				PATH = "$(PATH):$(PROJECT_DIR)";
				PRODUCT_NAME = "$(TARGET_NAME)";
				SKETCHBOOK_DIR = "";
				SKETCH_EXTENSION = ino;
			};
			name = Debug;
		};
		C962C0041A4AF09800C331FB /* Release */ = {
			isa = XCBuildConfiguration;
			buildSettings = {
				ALWAYS_SEARCH_USER_PATHS = NO;
				CLANG_CXX_LANGUAGE_STANDARD = "gnu++0x";
				CLANG_CXX_LIBRARY = "libc++";
				CLANG_ENABLE_MODULES = YES;
				CLANG_ENABLE_OBJC_ARC = YES;
				CLANG_WARN_BOOL_CONVERSION = YES;
				CLANG_WARN_CONSTANT_CONVERSION = YES;
				CLANG_WARN_DIRECT_OBJC_ISA_USAGE = YES_ERROR;
				CLANG_WARN_EMPTY_BODY = YES;
				CLANG_WARN_ENUM_CONVERSION = YES;
				CLANG_WARN_INT_CONVERSION = YES;
				CLANG_WARN_OBJC_ROOT_CLASS = YES_ERROR;
				CLANG_WARN_UNREACHABLE_CODE = YES;
				CLANG_WARN__DUPLICATE_METHOD_MATCH = YES;
				COPY_PHASE_STRIP = YES;
				ENABLE_NS_ASSERTIONS = NO;
				ENABLE_STRICT_OBJC_MSGSEND = YES;
				GCC_C_LANGUAGE_STANDARD = gnu99;
				GCC_WARN_64_TO_32_BIT_CONVERSION = YES;
				GCC_WARN_ABOUT_RETURN_TYPE = YES_ERROR;
				GCC_WARN_UNDECLARED_SELECTOR = YES;
				GCC_WARN_UNINITIALIZED_AUTOS = YES_AGGRESSIVE;
				GCC_WARN_UNUSED_FUNCTION = YES;
				GCC_WARN_UNUSED_VARIABLE = YES;
				HEADER_SEARCH_PATHS = "$(inherited)";
				MTL_ENABLE_DEBUG_INFO = NO;
				PATH = "$(PATH):$(PROJECT_DIR)";
				PRODUCT_NAME = "$(TARGET_NAME)";
				SKETCHBOOK_DIR = "";
				SKETCH_EXTENSION = ino;
			};
			name = Release;
		};
		C962C0061A4AF09800C331FB /* Debug */ = {
			isa = XCBuildConfiguration;
			buildSettings = {
				PRODUCT_NAME = "$(TARGET_NAME)";
			};
			name = Debug;
		};
		C962C0071A4AF09800C331FB /* Release */ = {
			isa = XCBuildConfiguration;
			buildSettings = {
				PRODUCT_NAME = "$(TARGET_NAME)";
			};
			name = Release;
		};
		C962C0091A4AF09800C331FB /* Debug */ = {
			isa = XCBuildConfiguration;
			buildSettings = {
			};
			name = Debug;
		};
		C962C00A1A4AF09800C331FB /* Release */ = {
			isa = XCBuildConfiguration;
			buildSettings = {
			};
			name = Release;
		};
		C962C00C1A4AF09800C331FB /* Debug */ = {
			isa = XCBuildConfiguration;
			buildSettings = {
			};
			name = Debug;
		};
		C962C00D1A4AF09800C331FB /* Release */ = {
			isa = XCBuildConfiguration;
			buildSettings = {
			};
			name = Release;
		};
		C962C00F1A4AF09800C331FB /* Debug */ = {
			isa = XCBuildConfiguration;
			buildSettings = {
			};
			name = Debug;
		};
		C962C0101A4AF09800C331FB /* Release */ = {
			isa = XCBuildConfiguration;
			buildSettings = {
			};
			name = Release;
		};
		C962C0121A4AF09800C331FB /* Debug */ = {
			isa = XCBuildConfiguration;
			buildSettings = {
			};
			name = Debug;
		};
		C962C0131A4AF09800C331FB /* Release */ = {
			isa = XCBuildConfiguration;
			buildSettings = {
			};
			name = Release;
		};
/* End XCBuildConfiguration section */

/* Begin XCConfigurationList section */
		C962BFA41A4AF09800C331FB /* Build configuration list for PBXProject "plant_client_light" */ = {
			isa = XCConfigurationList;
			buildConfigurations = (
				C962C0031A4AF09800C331FB /* Debug */,
				C962C0041A4AF09800C331FB /* Release */,
			);
			defaultConfigurationIsVisible = 0;
			defaultConfigurationName = Release;
		};
		C962C0051A4AF09800C331FB /* Build configuration list for PBXLegacyTarget "All" */ = {
			isa = XCConfigurationList;
			buildConfigurations = (
				C962C0061A4AF09800C331FB /* Debug */,
				C962C0071A4AF09800C331FB /* Release */,
			);
			defaultConfigurationIsVisible = 0;
		};
		C962C0081A4AF09800C331FB /* Build configuration list for PBXLegacyTarget "Build" */ = {
			isa = XCConfigurationList;
			buildConfigurations = (
				C962C0091A4AF09800C331FB /* Debug */,
				C962C00A1A4AF09800C331FB /* Release */,
			);
			defaultConfigurationIsVisible = 0;
		};
		C962C00B1A4AF09800C331FB /* Build configuration list for PBXLegacyTarget "Serial" */ = {
			isa = XCConfigurationList;
			buildConfigurations = (
				C962C00C1A4AF09800C331FB /* Debug */,
				C962C00D1A4AF09800C331FB /* Release */,
			);
			defaultConfigurationIsVisible = 0;
		};
		C962C00E1A4AF09800C331FB /* Build configuration list for PBXLegacyTarget "Upload" */ = {
			isa = XCConfigurationList;
			buildConfigurations = (
				C962C00F1A4AF09800C331FB /* Debug */,
				C962C0101A4AF09800C331FB /* Release */,
			);
			defaultConfigurationIsVisible = 0;
		};
		C962C0111A4AF09800C331FB /* Build configuration list for PBXNativeTarget "Index" */ = {
			isa = XCConfigurationList;
			buildConfigurations = (
				C962C0121A4AF09800C331FB /* Debug */,
				C962C0131A4AF09800C331FB /* Release */,
			);
			defaultConfigurationIsVisible = 0;
		};
/* End XCConfigurationList section */
	};
	rootObject = C962BFA11A4AF09800C331FB /* Project object */;
}
